
Microsoft Visual Studio Solution File, Format Version 12.00
# Visual Studio Version 16
VisualStudioVersion = 16.0.31019.35
MinimumVisualStudioVersion = 10.0.40219.1
Project("{FAE04EC0-301F-11D3-BF4B-00C04F79EFBC}") = "ToDo", "ToDo\ToDo.csproj", "{FDA2E319-6D14-45FE-B277-FE113D5737BF}"
EndProject
Global
	GlobalSection(SolutionConfigurationPlatforms) = preSolution
		Debug|Any CPU = Debug|Any CPU
		Release|Any CPU = Release|Any CPU
	EndGlobalSection
	GlobalSection(ProjectConfigurationPlatforms) = postSolution
		{FDA2E319-6D14-45FE-B277-FE113D5737BF}.Debug|Any CPU.ActiveCfg = Debug|Any CPU
		{FDA2E319-6D14-45FE-B277-FE113D5737BF}.Debug|Any CPU.Build.0 = Debug|Any CPU
		{FDA2E319-6D14-45FE-B277-FE113D5737BF}.Release|Any CPU.ActiveCfg = Release|Any CPU
		{FDA2E319-6D14-45FE-B277-FE113D5737BF}.Release|Any CPU.Build.0 = Release|Any CPU
	EndGlobalSection
	GlobalSection(SolutionProperties) = preSolution
		HideSolutionNode = FALSE
	EndGlobalSection
	GlobalSection(ExtensibilityGlobals) = postSolution
		SolutionGuid = {B816C143-1659-4950-8918-E3343C48FC50}
	EndGlobalSection
EndGlobal
